# THIS IS AN AUTOGENERATED FILE. DO NOT EDIT THIS FILE DIRECTLY.
# yarn lockfile v1


"@types/node@^10.12.20":
  version "10.12.20"
  resolved "https://registry.yarnpkg.com/@types/node/-/node-10.12.20.tgz#f79f959acd3422d0889bd1ead1664bd2d17cd367"
  integrity sha512-9spv6SklidqxevvZyOUGjZVz4QRXGu2dNaLyXIFzFYZW0AGDykzPRIUFJXTlQXyfzAucddwTcGtJNim8zqSOPA==
